
Microsoft Visual Studio Solution File, Format Version 12.00
# Visual Studio Version 17
VisualStudioVersion = 17.4.33403.182
MinimumVisualStudioVersion = 10.0.40219.1
Project("{FAE04EC0-301F-11D3-BF4B-00C04F79EFBC}") = "21022023_odevUygulama", "21022023_odevUygulama\21022023_odevUygulama.csproj", "{100D2B77-0F09-4040-A3B2-04CB8FBDB829}"
EndProject
Global
	GlobalSection(SolutionConfigurationPlatforms) = preSolution
		Debug|Any CPU = Debug|Any CPU
		Release|Any CPU = Release|Any CPU
	EndGlobalSection
	GlobalSection(ProjectConfigurationPlatforms) = postSolution
		{100D2B77-0F09-4040-A3B2-04CB8FBDB829}.Debug|Any CPU.ActiveCfg = Debug|Any CPU
		{100D2B77-0F09-4040-A3B2-04CB8FBDB829}.Debug|Any CPU.Build.0 = Debug|Any CPU
		{100D2B77-0F09-4040-A3B2-04CB8FBDB829}.Release|Any CPU.ActiveCfg = Release|Any CPU
		{100D2B77-0F09-4040-A3B2-04CB8FBDB829}.Release|Any CPU.Build.0 = Release|Any CPU
	EndGlobalSection
	GlobalSection(SolutionProperties) = preSolution
		HideSolutionNode = FALSE
	EndGlobalSection
	GlobalSection(ExtensibilityGlobals) = postSolution
		SolutionGuid = {7358FDAB-AC65-40EE-AD74-275AC40AF14B}
	EndGlobalSection
EndGlobal
